// !$*UTF8*$!
{
	archiveVersion = 1;
	classes = {
	};
	objectVersion = 48;
	objects = {

/* Begin PBXBuildFile section */
		091881B78168E2DCCBBD1033 /* Pods_flatMapLatest.framework in Frameworks */ = {isa = PBXBuildFile; fileRef = 9BA60AFF2C5A0E5F1493FEA4 /* Pods_flatMapLatest.framework */; };
		6F7191A920642AA600FC4733 /* AppDelegate.swift in Sources */ = {isa = PBXBuildFile; fileRef = 6F7191A820642AA600FC4733 /* AppDelegate.swift */; };
		6F7191AB20642AA600FC4733 /* ViewController.swift in Sources */ = {isa = PBXBuildFile; fileRef = 6F7191AA20642AA600FC4733 /* ViewController.swift */; };
		6F7191AE20642AA600FC4733 /* Main.storyboard in Resources */ = {isa = PBXBuildFile; fileRef = 6F7191AC20642AA600FC4733 /* Main.storyboard */; };
		6F7191B020642AA600FC4733 /* Assets.xcassets in Resources */ = {isa = PBXBuildFile; fileRef = 6F7191AF20642AA600FC4733 /* Assets.xcassets */; };
		6F7191B320642AA600FC4733 /* LaunchScreen.storyboard in Resources */ = {isa = PBXBuildFile; fileRef = 6F7191B120642AA600FC4733 /* LaunchScreen.storyboard */; };
/* End PBXBuildFile section */

/* Begin PBXFileReference section */
		250D86E0A7E8EF6F601CE770 /* Pods-flatMapLatest.debug.xcconfig */ = {isa = PBXFileReference; includeInIndex = 1; lastKnownFileType = text.xcconfig; name = "Pods-flatMapLatest.debug.xcconfig"; path = "Pods/Target Support Files/Pods-flatMapLatest/Pods-flatMapLatest.debug.xcconfig"; sourceTree = "<group>"; };
		567F58C6D60C67C2BD3967C9 /* Pods-flatMapLatest.release.xcconfig */ = {isa = PBXFileReference; includeInIndex = 1; lastKnownFileType = text.xcconfig; name = "Pods-flatMapLatest.release.xcconfig"; path = "Pods/Target Support Files/Pods-flatMapLatest/Pods-flatMapLatest.release.xcconfig"; sourceTree = "<group>"; };
		6F7191A520642AA600FC4733 /* flatMapLatest.app */ = {isa = PBXFileReference; explicitFileType = wrapper.application; includeInIndex = 0; path = flatMapLatest.app; sourceTree = BUILT_PRODUCTS_DIR; };
		6F7191A820642AA600FC4733 /* AppDelegate.swift */ = {isa = PBXFileReference; lastKnownFileType = sourcecode.swift; path = AppDelegate.swift; sourceTree = "<group>"; };
		6F7191AA20642AA600FC4733 /* ViewController.swift */ = {isa = PBXFileReference; lastKnownFileType = sourcecode.swift; path = ViewController.swift; sourceTree = "<group>"; };
		6F7191AD20642AA600FC4733 /* Base */ = {isa = PBXFileReference; lastKnownFileType = file.storyboard; name = Base; path = Base.lproj/Main.storyboard; sourceTree = "<group>"; };
		6F7191AF20642AA600FC4733 /* Assets.xcassets */ = {isa = PBXFileReference; lastKnownFileType = folder.assetcatalog; path = Assets.xcassets; sourceTree = "<group>"; };
		6F7191B220642AA600FC4733 /* Base */ = {isa = PBXFileReference; lastKnownFileType = file.storyboard; name = Base; path = Base.lproj/LaunchScreen.storyboard; sourceTree = "<group>"; };
		6F7191B420642AA600FC4733 /* Info.plist */ = {isa = PBXFileReference; lastKnownFileType = text.plist.xml; path = Info.plist; sourceTree = "<group>"; };
		9BA60AFF2C5A0E5F1493FEA4 /* Pods_flatMapLatest.framework */ = {isa = PBXFileReference; explicitFileType = wrapper.framework; includeInIndex = 0; path = Pods_flatMapLatest.framework; sourceTree = BUILT_PRODUCTS_DIR; };
/* End PBXFileReference section */

/* Begin PBXFrameworksBuildPhase section */
		6F7191A220642AA600FC4733 /* Frameworks */ = {
			isa = PBXFrameworksBuildPhase;
			buildActionMask = 2147483647;
			files = (
				091881B78168E2DCCBBD1033 /* Pods_flatMapLatest.framework in Frameworks */,
			);
			runOnlyForDeploymentPostprocessing = 0;
		};
/* End PBXFrameworksBuildPhase section */

/* Begin PBXGroup section */
		6F71919C20642AA600FC4733 = {
			isa = PBXGroup;
			children = (
				6F7191A720642AA600FC4733 /* flatMapLatest */,
				6F7191A620642AA600FC4733 /* Products */,
				71C1EA21B35404737D2B1B84 /* Pods */,
				8C5206CCBE28475452A201BF /* Frameworks */,
			);
			sourceTree = "<group>";
		};
		6F7191A620642AA600FC4733 /* Products */ = {
			isa = PBXGroup;
			children = (
				6F7191A520642AA600FC4733 /* flatMapLatest.app */,
			);
			name = Products;
			sourceTree = "<group>";
		};
		6F7191A720642AA600FC4733 /* flatMapLatest */ = {
			isa = PBXGroup;
			children = (
				6F7191A820642AA600FC4733 /* AppDelegate.swift */,
				6F7191AA20642AA600FC4733 /* ViewController.swift */,
				6F7191AC20642AA600FC4733 /* Main.storyboard */,
				6F7191AF20642AA600FC4733 /* Assets.xcassets */,
				6F7191B120642AA600FC4733 /* LaunchScreen.storyboard */,
				6F7191B420642AA600FC4733 /* Info.plist */,
			);
			path = flatMapLatest;
			sourceTree = "<group>";
		};
		71C1EA21B35404737D2B1B84 /* Pods */ = {
			isa = PBXGroup;
			children = (
				250D86E0A7E8EF6F601CE770 /* Pods-flatMapLatest.debug.xcconfig */,
				567F58C6D60C67C2BD3967C9 /* Pods-flatMapLatest.release.xcconfig */,
			);
			name = Pods;
			sourceTree = "<group>";
		};
		8C5206CCBE28475452A201BF /* Frameworks */ = {
			isa = PBXGroup;
			children = (
				9BA60AFF2C5A0E5F1493FEA4 /* Pods_flatMapLatest.framework */,
			);
			name = Frameworks;
			sourceTree = "<group>";
		};
/* End PBXGroup section */

/* Begin PBXNativeTarget section */
		6F7191A420642AA600FC4733 /* flatMapLatest */ = {
			isa = PBXNativeTarget;
			buildConfigurationList = 6F7191B720642AA600FC4733 /* Build configuration list for PBXNativeTarget "flatMapLatest" */;
			buildPhases = (
				8F9B5332C401EA91E6D55B6C /* [CP] Check Pods Manifest.lock */,
				6F7191A120642AA600FC4733 /* Sources */,
				6F7191A220642AA600FC4733 /* Frameworks */,
				6F7191A320642AA600FC4733 /* Resources */,
				6BE1375E33D168F41A5FE7DD /* [CP] Embed Pods Frameworks */,
				6800E1F4D55E3F87B5E03383 /* [CP] Copy Pods Resources */,
			);
			buildRules = (
			);
			dependencies = (
			);
			name = flatMapLatest;
			productName = flatMapLatest;
			productReference = 6F7191A520642AA600FC4733 /* flatMapLatest.app */;
			productType = "com.apple.product-type.application";
		};
/* End PBXNativeTarget section */

/* Begin PBXProject section */
		6F71919D20642AA600FC4733 /* Project object */ = {
			isa = PBXProject;
			attributes = {
				LastSwiftUpdateCheck = 0920;
				LastUpgradeCheck = 0920;
				ORGANIZATIONNAME = "N. M. Titov";
				TargetAttributes = {
					6F7191A420642AA600FC4733 = {
						CreatedOnToolsVersion = 9.2;
						ProvisioningStyle = Automatic;
					};
				};
			};
			buildConfigurationList = 6F7191A020642AA600FC4733 /* Build configuration list for PBXProject "flatMapLatest" */;
			compatibilityVersion = "Xcode 8.0";
			developmentRegion = en;
			hasScannedForEncodings = 0;
			knownRegions = (
				en,
				Base,
			);
			mainGroup = 6F71919C20642AA600FC4733;
			productRefGroup = 6F7191A620642AA600FC4733 /* Products */;
			projectDirPath = "";
			projectRoot = "";
			targets = (
				6F7191A420642AA600FC4733 /* flatMapLatest */,
			);
		};
/* End PBXProject section */

/* Begin PBXResourcesBuildPhase section */
		6F7191A320642AA600FC4733 /* Resources */ = {
			isa = PBXResourcesBuildPhase;
			buildActionMask = 2147483647;
			files = (
				6F7191B320642AA600FC4733 /* LaunchScreen.storyboard in Resources */,
				6F7191B020642AA600FC4733 /* Assets.xcassets in Resources */,
				6F7191AE20642AA600FC4733 /* Main.storyboard in Resources */,
			);
			runOnlyForDeploymentPostprocessing = 0;
		};
/* End PBXResourcesBuildPhase section */

/* Begin PBXShellScriptBuildPhase section */
		6800E1F4D55E3F87B5E03383 /* [CP] Copy Pods Resources */ = {
			isa = PBXShellScriptBuildPhase;
			buildActionMask = 2147483647;
			files = (
			);
			inputPaths = (
			);
			name = "[CP] Copy Pods Resources";
			outputPaths = (
			);
			runOnlyForDeploymentPostprocessing = 0;
			shellPath = /bin/sh;
			shellScript = "\"${SRCROOT}/Pods/Target Support Files/Pods-flatMapLatest/Pods-flatMapLatest-resources.sh\"\n";
			showEnvVarsInLog = 0;
		};
		6BE1375E33D168F41A5FE7DD /* [CP] Embed Pods Frameworks */ = {
			isa = PBXShellScriptBuildPhase;
			buildActionMask = 2147483647;
			files = (
			);
			inputPaths = (
				"${SRCROOT}/Pods/Target Support Files/Pods-flatMapLatest/Pods-flatMapLatest-frameworks.sh",
				"${BUILT_PRODUCTS_DIR}/ReactiveCocoa/ReactiveCocoa.framework",
				"${BUILT_PRODUCTS_DIR}/ReactiveSwift/ReactiveSwift.framework",
				"${BUILT_PRODUCTS_DIR}/Result/Result.framework",
			);
			name = "[CP] Embed Pods Frameworks";
			outputPaths = (
				"${TARGET_BUILD_DIR}/${FRAMEWORKS_FOLDER_PATH}/ReactiveCocoa.framework",
				"${TARGET_BUILD_DIR}/${FRAMEWORKS_FOLDER_PATH}/ReactiveSwift.framework",
				"${TARGET_BUILD_DIR}/${FRAMEWORKS_FOLDER_PATH}/Result.framework",
			);
			runOnlyForDeploymentPostprocessing = 0;
			shellPath = /bin/sh;
			shellScript = "\"${SRCROOT}/Pods/Target Support Files/Pods-flatMapLatest/Pods-flatMapLatest-frameworks.sh\"\n";
			showEnvVarsInLog = 0;
		};
		8F9B5332C401EA91E6D55B6C /* [CP] Check Pods Manifest.lock */ = {
			isa = PBXShellScriptBuildPhase;
			buildActionMask = 2147483647;
			files = (
			);
			inputPaths = (
				"${PODS_PODFILE_DIR_PATH}/Podfile.lock",
				"${PODS_ROOT}/Manifest.lock",
			);
			name = "[CP] Check Pods Manifest.lock";
			outputPaths = (
				"$(DERIVED_FILE_DIR)/Pods-flatMapLatest-checkManifestLockResult.txt",
			);
			runOnlyForDeploymentPostprocessing = 0;
			shellPath = /bin/sh;
			shellScript = "diff \"${PODS_PODFILE_DIR_PATH}/Podfile.lock\" \"${PODS_ROOT}/Manifest.lock\" > /dev/null\nif [ $? != 0 ] ; then\n    # print error to STDERR\n    echo \"error: The sandbox is not in sync with the Podfile.lock. Run 'pod install' or update your CocoaPods installation.\" >&2\n    exit 1\nfi\n# This output is used by Xcode 'outputs' to avoid re-running this script phase.\necho \"SUCCESS\" > \"${SCRIPT_OUTPUT_FILE_0}\"\n";
			showEnvVarsInLog = 0;
		};
/* End PBXShellScriptBuildPhase section */

/* Begin PBXSourcesBuildPhase section */
		6F7191A120642AA600FC4733 /* Sources */ = {
			isa = PBXSourcesBuildPhase;
			buildActionMask = 2147483647;
			files = (
				6F7191AB20642AA600FC4733 /* ViewController.swift in Sources */,
				6F7191A920642AA600FC4733 /* AppDelegate.swift in Sources */,
			);
			runOnlyForDeploymentPostprocessing = 0;
		};
/* End PBXSourcesBuildPhase section */

/* Begin PBXVariantGroup section */
		6F7191AC20642AA600FC4733 /* Main.storyboard */ = {
			isa = PBXVariantGroup;
			children = (
				6F7191AD20642AA600FC4733 /* Base */,
			);
			name = Main.storyboard;
			sourceTree = "<group>";
		};
		6F7191B120642AA600FC4733 /* LaunchScreen.storyboard */ = {
			isa = PBXVariantGroup;
			children = (
				6F7191B220642AA600FC4733 /* Base */,
			);
			name = LaunchScreen.storyboard;
			sourceTree = "<group>";
		};
/* End PBXVariantGroup section */

/* Begin XCBuildConfiguration section */
		6F7191B520642AA600FC4733 /* Debug */ = {
			isa = XCBuildConfiguration;
			buildSettings = {
				ALWAYS_SEARCH_USER_PATHS = NO;
				CLANG_ANALYZER_NONNULL = YES;
				CLANG_ANALYZER_NUMBER_OBJECT_CONVERSION = YES_AGGRESSIVE;
				CLANG_CXX_LANGUAGE_STANDARD = "gnu++14";
				CLANG_CXX_LIBRARY = "libc++";
				CLANG_ENABLE_MODULES = YES;
				CLANG_ENABLE_OBJC_ARC = YES;
				CLANG_WARN_BLOCK_CAPTURE_AUTORELEASING = YES;
				CLANG_WARN_BOOL_CONVERSION = YES;
				CLANG_WARN_COMMA = YES;
				CLANG_WARN_CONSTANT_CONVERSION = YES;
				CLANG_WARN_DIRECT_OBJC_ISA_USAGE = YES_ERROR;
				CLANG_WARN_DOCUMENTATION_COMMENTS = YES;
				CLANG_WARN_EMPTY_BODY = YES;
				CLANG_WARN_ENUM_CONVERSION = YES;
				CLANG_WARN_INFINITE_RECURSION = YES;
				CLANG_WARN_INT_CONVERSION = YES;
				CLANG_WARN_NON_LITERAL_NULL_CONVERSION = YES;
				CLANG_WARN_OBJC_LITERAL_CONVERSION = YES;
				CLANG_WARN_OBJC_ROOT_CLASS = YES_ERROR;
				CLANG_WARN_RANGE_LOOP_ANALYSIS = YES;
				CLANG_WARN_STRICT_PROTOTYPES = YES;
				CLANG_WARN_SUSPICIOUS_MOVE = YES;
				CLANG_WARN_UNGUARDED_AVAILABILITY = YES_AGGRESSIVE;
				CLANG_WARN_UNREACHABLE_CODE = YES;
				CLANG_WARN__DUPLICATE_METHOD_MATCH = YES;
				CODE_SIGN_IDENTITY = "iPhone Developer";
				COPY_PHASE_STRIP = NO;
				DEBUG_INFORMATION_FORMAT = dwarf;
				ENABLE_STRICT_OBJC_MSGSEND = YES;
				ENABLE_TESTABILITY = YES;
				GCC_C_LANGUAGE_STANDARD = gnu11;
				GCC_DYNAMIC_NO_PIC = NO;
				GCC_NO_COMMON_BLOCKS = YES;
				GCC_OPTIMIZATION_LEVEL = 0;
				GCC_PREPROCESSOR_DEFINITIONS = (
					"DEBUG=1",
					"$(inherited)",
				);
				GCC_WARN_64_TO_32_BIT_CONVERSION = YES;
				GCC_WARN_ABOUT_RETURN_TYPE = YES_ERROR;
				GCC_WARN_UNDECLARED_SELECTOR = YES;
				GCC_WARN_UNINITIALIZED_AUTOS = YES_AGGRESSIVE;
				GCC_WARN_UNUSED_FUNCTION = YES;
				GCC_WARN_UNUSED_VARIABLE = YES;
				IPHONEOS_DEPLOYMENT_TARGET = 11.2;
				MTL_ENABLE_DEBUG_INFO = YES;
				ONLY_ACTIVE_ARCH = YES;
				SDKROOT = iphoneos;
				SWIFT_ACTIVE_COMPILATION_CONDITIONS = DEBUG;
				SWIFT_OPTIMIZATION_LEVEL = "-Onone";
			};
			name = Debug;
		};
		6F7191B620642AA600FC4733 /* Release */ = {
			isa = XCBuildConfiguration;
			buildSettings = {
				ALWAYS_SEARCH_USER_PATHS = NO;
				CLANG_ANALYZER_NONNULL = YES;
				CLANG_ANALYZER_NUMBER_OBJECT_CONVERSION = YES_AGGRESSIVE;
				CLANG_CXX_LANGUAGE_STANDARD = "gnu++14";
				CLANG_CXX_LIBRARY = "libc++";
				CLANG_ENABLE_MODULES = YES;
				CLANG_ENABLE_OBJC_ARC = YES;
				CLANG_WARN_BLOCK_CAPTURE_AUTORELEASING = YES;
				CLANG_WARN_BOOL_CONVERSION = YES;
				CLANG_WARN_COMMA = YES;
				CLANG_WARN_CONSTANT_CONVERSION = YES;
				CLANG_WARN_DIRECT_OBJC_ISA_USAGE = YES_ERROR;
				CLANG_WARN_DOCUMENTATION_COMMENTS = YES;
				CLANG_WARN_EMPTY_BODY = YES;
				CLANG_WARN_ENUM_CONVERSION = YES;
				CLANG_WARN_INFINITE_RECURSION = YES;
				CLANG_WARN_INT_CONVERSION = YES;
				CLANG_WARN_NON_LITERAL_NULL_CONVERSION = YES;
				CLANG_WARN_OBJC_LITERAL_CONVERSION = YES;
				CLANG_WARN_OBJC_ROOT_CLASS = YES_ERROR;
				CLANG_WARN_RANGE_LOOP_ANALYSIS = YES;
				CLANG_WARN_STRICT_PROTOTYPES = YES;
				CLANG_WARN_SUSPICIOUS_MOVE = YES;
				CLANG_WARN_UNGUARDED_AVAILABILITY = YES_AGGRESSIVE;
				CLANG_WARN_UNREACHABLE_CODE = YES;
				CLANG_WARN__DUPLICATE_METHOD_MATCH = YES;
				CODE_SIGN_IDENTITY = "iPhone Developer";
				COPY_PHASE_STRIP = NO;
				DEBUG_INFORMATION_FORMAT = "dwarf-with-dsym";
				ENABLE_NS_ASSERTIONS = NO;
				ENABLE_STRICT_OBJC_MSGSEND = YES;
				GCC_C_LANGUAGE_STANDARD = gnu11;
				GCC_NO_COMMON_BLOCKS = YES;
				GCC_WARN_64_TO_32_BIT_CONVERSION = YES;
				GCC_WARN_ABOUT_RETURN_TYPE = YES_ERROR;
				GCC_WARN_UNDECLARED_SELECTOR = YES;
				GCC_WARN_UNINITIALIZED_AUTOS = YES_AGGRESSIVE;
				GCC_WARN_UNUSED_FUNCTION = YES;
				GCC_WARN_UNUSED_VARIABLE = YES;
				IPHONEOS_DEPLOYMENT_TARGET = 11.2;
				MTL_ENABLE_DEBUG_INFO = NO;
				SDKROOT = iphoneos;
				SWIFT_OPTIMIZATION_LEVEL = "-Owholemodule";
				VALIDATE_PRODUCT = YES;
			};
			name = Release;
		};
		6F7191B820642AA600FC4733 /* Debug */ = {
			isa = XCBuildConfiguration;
			baseConfigurationReference = 250D86E0A7E8EF6F601CE770 /* Pods-flatMapLatest.debug.xcconfig */;
			buildSettings = {
				ASSETCATALOG_COMPILER_APPICON_NAME = AppIcon;
				CODE_SIGN_STYLE = Automatic;
				DEVELOPMENT_TEAM = M5HDTU7792;
				INFOPLIST_FILE = flatMapLatest/Info.plist;
				LD_RUNPATH_SEARCH_PATHS = "$(inherited) @executable_path/Frameworks";
				PRODUCT_BUNDLE_IDENTIFIER = link.titov.flatMapLatest;
				PRODUCT_NAME = "$(TARGET_NAME)";
				SWIFT_VERSION = 4.0;
				TARGETED_DEVICE_FAMILY = "1,2";
			};
			name = Debug;
		};
		6F7191B920642AA600FC4733 /* Release */ = {
			isa = XCBuildConfiguration;
			baseConfigurationReference = 567F58C6D60C67C2BD3967C9 /* Pods-flatMapLatest.release.xcconfig */;
			buildSettings = {
				ASSETCATALOG_COMPILER_APPICON_NAME = AppIcon;
				CODE_SIGN_STYLE = Automatic;
				DEVELOPMENT_TEAM = M5HDTU7792;
				INFOPLIST_FILE = flatMapLatest/Info.plist;
				LD_RUNPATH_SEARCH_PATHS = "$(inherited) @executable_path/Frameworks";
				PRODUCT_BUNDLE_IDENTIFIER = link.titov.flatMapLatest;
				PRODUCT_NAME = "$(TARGET_NAME)";
				SWIFT_VERSION = 4.0;
				TARGETED_DEVICE_FAMILY = "1,2";
			};
			name = Release;
		};
/* End XCBuildConfiguration section */

/* Begin XCConfigurationList section */
		6F7191A020642AA600FC4733 /* Build configuration list for PBXProject "flatMapLatest" */ = {
			isa = XCConfigurationList;
			buildConfigurations = (
				6F7191B520642AA600FC4733 /* Debug */,
				6F7191B620642AA600FC4733 /* Release */,
			);
			defaultConfigurationIsVisible = 0;
			defaultConfigurationName = Release;
		};
		6F7191B720642AA600FC4733 /* Build configuration list for PBXNativeTarget "flatMapLatest" */ = {
			isa = XCConfigurationList;
			buildConfigurations = (
				6F7191B820642AA600FC4733 /* Debug */,
				6F7191B920642AA600FC4733 /* Release */,
			);
			defaultConfigurationIsVisible = 0;
			defaultConfigurationName = Release;
		};
/* End XCConfigurationList section */
	};
	rootObject = 6F71919D20642AA600FC4733 /* Project object */;
}
